
Microsoft Visual Studio Solution File, Format Version 12.00
# Visual Studio Version 17
VisualStudioVersion = 17.5.33627.172
MinimumVisualStudioVersion = 10.0.40219.1
Project("{8BC9CEB8-8B4A-11D0-8D11-00A0C91BC942}") = "lab1", "lab1\lab1.vcxproj", "{4D33EEFD-FB28-4AAF-944C-64744CBA5F8E}"
EndProject
Project("{8BC9CEB8-8B4A-11D0-8D11-00A0C91BC942}") = "UnitTest1", "UnitTest1\UnitTest1.vcxproj", "{FB40A2F4-D368-4532-A282-440101781985}"
EndProject
Global
	GlobalSection(SolutionConfigurationPlatforms) = preSolution
		Debug|x64 = Debug|x64
		Debug|x86 = Debug|x86
		Release|x64 = Release|x64
		Release|x86 = Release|x86
	EndGlobalSection
	GlobalSection(ProjectConfigurationPlatforms) = postSolution
		{4D33EEFD-FB28-4AAF-944C-64744CBA5F8E}.Debug|x64.ActiveCfg = Debug|x64
		{4D33EEFD-FB28-4AAF-944C-64744CBA5F8E}.Debug|x64.Build.0 = Debug|x64
		{4D33EEFD-FB28-4AAF-944C-64744CBA5F8E}.Debug|x86.ActiveCfg = Debug|Win32
		{4D33EEFD-FB28-4AAF-944C-64744CBA5F8E}.Debug|x86.Build.0 = Debug|Win32
		{4D33EEFD-FB28-4AAF-944C-64744CBA5F8E}.Release|x64.ActiveCfg = Release|x64
		{4D33EEFD-FB28-4AAF-944C-64744CBA5F8E}.Release|x64.Build.0 = Release|x64
		{4D33EEFD-FB28-4AAF-944C-64744CBA5F8E}.Release|x86.ActiveCfg = Release|Win32
		{4D33EEFD-FB28-4AAF-944C-64744CBA5F8E}.Release|x86.Build.0 = Release|Win32
		{FB40A2F4-D368-4532-A282-440101781985}.Debug|x64.ActiveCfg = Debug|x64
		{FB40A2F4-D368-4532-A282-440101781985}.Debug|x64.Build.0 = Debug|x64
		{FB40A2F4-D368-4532-A282-440101781985}.Debug|x86.ActiveCfg = Debug|Win32
		{FB40A2F4-D368-4532-A282-440101781985}.Debug|x86.Build.0 = Debug|Win32
		{FB40A2F4-D368-4532-A282-440101781985}.Release|x64.ActiveCfg = Release|x64
		{FB40A2F4-D368-4532-A282-440101781985}.Release|x64.Build.0 = Release|x64
		{FB40A2F4-D368-4532-A282-440101781985}.Release|x86.ActiveCfg = Release|Win32
		{FB40A2F4-D368-4532-A282-440101781985}.Release|x86.Build.0 = Release|Win32
	EndGlobalSection
	GlobalSection(SolutionProperties) = preSolution
		HideSolutionNode = FALSE
	EndGlobalSection
	GlobalSection(ExtensibilityGlobals) = postSolution
		SolutionGuid = {678898B8-D729-4C39-B203-55D15538B3DF}
	EndGlobalSection
EndGlobal
